
Microsoft Visual Studio Solution File, Format Version 12.00
# Visual Studio Version 17
VisualStudioVersion = 17.5.002.0
MinimumVisualStudioVersion = 10.0.40219.1
Project("{9A19103F-16F7-4668-BE54-9A1E7A4F7556}") = "firstAttestation", "firstAttestation.csproj", "{C243E737-7B4A-4A16-8604-F38E0C7A8112}"
EndProject
Global
	GlobalSection(SolutionConfigurationPlatforms) = preSolution
		Debug|Any CPU = Debug|Any CPU
		Release|Any CPU = Release|Any CPU
	EndGlobalSection
	GlobalSection(ProjectConfigurationPlatforms) = postSolution
		{C243E737-7B4A-4A16-8604-F38E0C7A8112}.Debug|Any CPU.ActiveCfg = Debug|Any CPU
		{C243E737-7B4A-4A16-8604-F38E0C7A8112}.Debug|Any CPU.Build.0 = Debug|Any CPU
		{C243E737-7B4A-4A16-8604-F38E0C7A8112}.Release|Any CPU.ActiveCfg = Release|Any CPU
		{C243E737-7B4A-4A16-8604-F38E0C7A8112}.Release|Any CPU.Build.0 = Release|Any CPU
	EndGlobalSection
	GlobalSection(SolutionProperties) = preSolution
		HideSolutionNode = FALSE
	EndGlobalSection
	GlobalSection(ExtensibilityGlobals) = postSolution
		SolutionGuid = {E85DF327-A56D-4876-BF58-92378435EE43}
	EndGlobalSection
EndGlobal
